{
  "name": "server2",
  "version": "1.0.0",
  "lockfileVersion": 2,
  "requires": true,
  "packages": {
    "": {
      "name": "server2",
      "version": "1.0.0",
      "license": "ISC",
      "dependencies": {
        "physx-js-webidl": "^1.0.1"
      }
    },
    "node_modules/physx-js-webidl": {
      "version": "1.0.1",
      "resolved": "https://registry.npmjs.org/physx-js-webidl/-/physx-js-webidl-1.0.1.tgz",
      "integrity": "sha512-AtPduEP/ijzO9ZV6ihsfJH5H7KitTLQOE1LXEDif8SqXmZFq0MEMSktzGZCZ9lLkjrYknLfSGQGhh/PyLYhx8w=="
    }
  },
  "dependencies": {
    "physx-js-webidl": {
      "version": "1.0.1",
      "resolved": "https://registry.npmjs.org/physx-js-webidl/-/physx-js-webidl-1.0.1.tgz",
      "integrity": "sha512-AtPduEP/ijzO9ZV6ihsfJH5H7KitTLQOE1LXEDif8SqXmZFq0MEMSktzGZCZ9lLkjrYknLfSGQGhh/PyLYhx8w=="
    }
  }
}
