{
  "name": "dcl-project",
  "version": "1.0.0",
  "lockfileVersion": 2,
  "requires": true,
  "packages": {
    "": {
      "name": "dcl-project",
      "version": "1.0.0",
      "bundleDependencies": [
        "@dcl/ui-scene-utils",
        "eth-connect"
      ],
      "dependencies": {
        "@dcl/ui-scene-utils": "^1.8.1",
        "decentraland-builder-scripts": "^0.24.0",
        "decentraland-ecs-utils": "latest",
        "eth-connect": "^6.0.0"
      },
      "devDependencies": {
        "decentraland-ecs": "^6.6.5-20210513212610.commit-0870126"
      }
    },
    "node_modules/@dcl/ui-scene-utils": {
      "version": "1.8.1",
      "resolved": "https://registry.npmjs.org/@dcl/ui-scene-utils/-/ui-scene-utils-1.8.1.tgz",
      "integrity": "sha512-r/aVxEmtqEb9DKQroA0ehOm5FCxQTv7Y2bxyIZmQHU96h++84yOoi8qklD9iOeyFbOx21U+8roalGmH1Egb2Eg==",
      "inBundle": true
    },
    "node_modules/@dcl/unity-renderer": {
      "version": "1.0.1739",
      "resolved": "https://registry.npmjs.org/@dcl/unity-renderer/-/unity-renderer-1.0.1739.tgz",
      "integrity": "sha512-hQ5z2XjAmerdm8G1Ch967hX/v4Mhk/wvBgm2Z862z2ZVfC/qIHHoOFzt0F7Do1p34jaqMdUhSq0AmOx2bJaFAw==",
      "dev": true
    },
    "node_modules/buffer-from": {
      "version": "1.1.1",
      "resolved": "https://registry.npmjs.org/buffer-from/-/buffer-from-1.1.1.tgz",
      "integrity": "sha512-MQcXEUbCKtEo7bhqEs6560Hyd4XaovZlO/k9V3hjVUF/zwW7KBVdSK4gIt/bzwS9MbR5qob+F5jusZsb0YQK2A=="
    },
    "node_modules/commander": {
      "version": "2.20.3",
      "resolved": "https://registry.npmjs.org/commander/-/commander-2.20.3.tgz",
      "integrity": "sha512-GpVkmM8vF2vQUkj2LvZmD35JxeJOLCwJ9cUkugyk2nuhbv3+mJvpLYYt+0+USMxE+oj+ey/lJEnhZw75x/OMcQ=="
    },
    "node_modules/decentraland-builder-scripts": {
      "version": "0.24.0",
      "resolved": "https://registry.npmjs.org/decentraland-builder-scripts/-/decentraland-builder-scripts-0.24.0.tgz",
      "integrity": "sha512-gqCwQCLX1oez3rACmeqmVUyYmcwZmpk2VozfBF4LRMawgX1YoInraKbuOTs+2DbrDG8zmbDGDCj6wAeLsg7irA==",
      "dependencies": {
        "decentraland-ecs": "^6.1.4"
      }
    },
    "node_modules/decentraland-builder-scripts/node_modules/decentraland-ecs": {
      "version": "6.6.1",
      "resolved": "https://registry.npmjs.org/decentraland-ecs/-/decentraland-ecs-6.6.1.tgz",
      "integrity": "sha512-u4BhDGXTg5TT+Xqukm0WO1P4tud1EfnMoMwKuW16digxOSo58Yw2r0TGoM1Iu0bODuELLChlJRqwM0Y12DSWCQ==",
      "dependencies": {
        "terser": "^5.2.1",
        "typescript": "^4.0.2"
      },
      "bin": {
        "build-ecs": "artifacts/build-ecs.js"
      }
    },
    "node_modules/decentraland-ecs": {
      "version": "6.6.5-20210513212610.commit-0870126",
      "resolved": "https://registry.npmjs.org/decentraland-ecs/-/decentraland-ecs-6.6.5-20210513212610.commit-0870126.tgz",
      "integrity": "sha512-K7cWkksrwL7i2VCBAxQynOBV2lzG/I7VbDwcuS1zehWyLvKDnb+ZeYNohO2qj7SWDYVh6LsI3UDnyxikVkvo9g==",
      "bundleDependencies": [
        "@dcl/unity-renderer"
      ],
      "dev": true,
      "dependencies": {
        "@dcl/unity-renderer": "*",
        "terser": "^5.2.1",
        "typescript": "^4.0.2"
      },
      "bin": {
        "build-ecs": "artifacts/build-ecs.js"
      }
    },
    "node_modules/decentraland-ecs-utils": {
      "version": "1.5.2",
      "resolved": "https://registry.npmjs.org/decentraland-ecs-utils/-/decentraland-ecs-utils-1.5.2.tgz",
      "integrity": "sha512-fN7wU4fmJgYWNSsiGYia2+0KM7w6AN5yPfvv4SHo42AtHAR6xd3UgWpJAQn0IVru/lB5+/NpR77YVNSQmZHsBg=="
    },
    "node_modules/eth-connect": {
      "version": "6.0.0",
      "resolved": "https://registry.npmjs.org/eth-connect/-/eth-connect-6.0.0.tgz",
      "integrity": "sha512-We+FmEtdVnu61uYJf2BffoK1qLjyLJfNy/4FAqCp5oW9sHdIAEEex0MHyt0WYIBMMAnexusmEbHzT39H2bhKYQ==",
      "inBundle": true
    },
    "node_modules/source-map": {
      "version": "0.7.3",
      "resolved": "https://registry.npmjs.org/source-map/-/source-map-0.7.3.tgz",
      "integrity": "sha512-CkCj6giN3S+n9qrYiBTX5gystlENnRW5jZeNLHpe6aue+SrHcG5VYwujhW9s4dY31mEGsxBDrHR6oI69fTXsaQ==",
      "engines": {
        "node": ">= 8"
      }
    },
    "node_modules/source-map-support": {
      "version": "0.5.19",
      "resolved": "https://registry.npmjs.org/source-map-support/-/source-map-support-0.5.19.tgz",
      "integrity": "sha512-Wonm7zOCIJzBGQdB+thsPar0kYuCIzYvxZwlBa87yi/Mdjv7Tip2cyVbLj5o0cFPN4EVkuTwb3GDDyUx2DGnGw==",
      "dependencies": {
        "buffer-from": "^1.0.0",
        "source-map": "^0.6.0"
      }
    },
    "node_modules/source-map-support/node_modules/source-map": {
      "version": "0.6.1",
      "resolved": "https://registry.npmjs.org/source-map/-/source-map-0.6.1.tgz",
      "integrity": "sha512-UjgapumWlbMhkBgzT7Ykc5YXUT46F0iKu8SGXq0bcwP5dz/h0Plj6enJqjz1Zbq2l5WaqYnrVbwWOWMyF3F47g==",
      "engines": {
        "node": ">=0.10.0"
      }
    },
    "node_modules/terser": {
      "version": "5.5.0",
      "resolved": "https://registry.npmjs.org/terser/-/terser-5.5.0.tgz",
      "integrity": "sha512-eopt1Gf7/AQyPhpygdKePTzaet31TvQxXvrf7xYUvD/d8qkCJm4SKPDzu+GHK5ZaYTn8rvttfqaZc3swK21e5g==",
      "dependencies": {
        "commander": "^2.20.0",
        "source-map": "~0.7.2",
        "source-map-support": "~0.5.19"
      },
      "bin": {
        "terser": "bin/terser"
      },
      "engines": {
        "node": ">=10"
      }
    },
    "node_modules/typescript": {
      "version": "4.1.2",
      "resolved": "https://registry.npmjs.org/typescript/-/typescript-4.1.2.tgz",
      "integrity": "sha512-thGloWsGH3SOxv1SoY7QojKi0tc+8FnOmiarEGMbd/lar7QOEd3hvlx3Fp5y6FlDUGl9L+pd4n2e+oToGMmhRQ==",
      "bin": {
        "tsc": "bin/tsc",
        "tsserver": "bin/tsserver"
      },
      "engines": {
        "node": ">=4.2.0"
      }
    }
  },
  "dependencies": {
    "@dcl/ui-scene-utils": {
      "version": "1.8.1",
      "resolved": "https://registry.npmjs.org/@dcl/ui-scene-utils/-/ui-scene-utils-1.8.1.tgz",
      "integrity": "sha512-r/aVxEmtqEb9DKQroA0ehOm5FCxQTv7Y2bxyIZmQHU96h++84yOoi8qklD9iOeyFbOx21U+8roalGmH1Egb2Eg=="
    },
    "@dcl/unity-renderer": {
      "version": "1.0.1739",
      "resolved": "https://registry.npmjs.org/@dcl/unity-renderer/-/unity-renderer-1.0.1739.tgz",
      "integrity": "sha512-hQ5z2XjAmerdm8G1Ch967hX/v4Mhk/wvBgm2Z862z2ZVfC/qIHHoOFzt0F7Do1p34jaqMdUhSq0AmOx2bJaFAw==",
      "dev": true
    },
    "buffer-from": {
      "version": "1.1.1",
      "resolved": "https://registry.npmjs.org/buffer-from/-/buffer-from-1.1.1.tgz",
      "integrity": "sha512-MQcXEUbCKtEo7bhqEs6560Hyd4XaovZlO/k9V3hjVUF/zwW7KBVdSK4gIt/bzwS9MbR5qob+F5jusZsb0YQK2A=="
    },
    "commander": {
      "version": "2.20.3",
      "resolved": "https://registry.npmjs.org/commander/-/commander-2.20.3.tgz",
      "integrity": "sha512-GpVkmM8vF2vQUkj2LvZmD35JxeJOLCwJ9cUkugyk2nuhbv3+mJvpLYYt+0+USMxE+oj+ey/lJEnhZw75x/OMcQ=="
    },
    "decentraland-builder-scripts": {
      "version": "0.24.0",
      "resolved": "https://registry.npmjs.org/decentraland-builder-scripts/-/decentraland-builder-scripts-0.24.0.tgz",
      "integrity": "sha512-gqCwQCLX1oez3rACmeqmVUyYmcwZmpk2VozfBF4LRMawgX1YoInraKbuOTs+2DbrDG8zmbDGDCj6wAeLsg7irA==",
      "requires": {
        "decentraland-ecs": "^6.1.4"
      },
      "dependencies": {
        "decentraland-ecs": {
          "version": "6.6.1",
          "resolved": "https://registry.npmjs.org/decentraland-ecs/-/decentraland-ecs-6.6.1.tgz",
          "integrity": "sha512-u4BhDGXTg5TT+Xqukm0WO1P4tud1EfnMoMwKuW16digxOSo58Yw2r0TGoM1Iu0bODuELLChlJRqwM0Y12DSWCQ==",
          "requires": {
            "terser": "^5.2.1",
            "typescript": "^4.0.2"
          }
        }
      }
    },
    "decentraland-ecs": {
      "version": "6.6.5-20210513212610.commit-0870126",
      "resolved": "https://registry.npmjs.org/decentraland-ecs/-/decentraland-ecs-6.6.5-20210513212610.commit-0870126.tgz",
      "integrity": "sha512-K7cWkksrwL7i2VCBAxQynOBV2lzG/I7VbDwcuS1zehWyLvKDnb+ZeYNohO2qj7SWDYVh6LsI3UDnyxikVkvo9g==",
      "dev": true,
      "requires": {
        "@dcl/unity-renderer": "*",
        "terser": "^5.2.1",
        "typescript": "^4.0.2"
      }
    },
    "decentraland-ecs-utils": {
      "version": "1.5.2",
      "resolved": "https://registry.npmjs.org/decentraland-ecs-utils/-/decentraland-ecs-utils-1.5.2.tgz",
      "integrity": "sha512-fN7wU4fmJgYWNSsiGYia2+0KM7w6AN5yPfvv4SHo42AtHAR6xd3UgWpJAQn0IVru/lB5+/NpR77YVNSQmZHsBg=="
    },
    "eth-connect": {
      "version": "6.0.0",
      "resolved": "https://registry.npmjs.org/eth-connect/-/eth-connect-6.0.0.tgz",
      "integrity": "sha512-We+FmEtdVnu61uYJf2BffoK1qLjyLJfNy/4FAqCp5oW9sHdIAEEex0MHyt0WYIBMMAnexusmEbHzT39H2bhKYQ=="
    },
    "source-map": {
      "version": "0.7.3",
      "resolved": "https://registry.npmjs.org/source-map/-/source-map-0.7.3.tgz",
      "integrity": "sha512-CkCj6giN3S+n9qrYiBTX5gystlENnRW5jZeNLHpe6aue+SrHcG5VYwujhW9s4dY31mEGsxBDrHR6oI69fTXsaQ=="
    },
    "source-map-support": {
      "version": "0.5.19",
      "resolved": "https://registry.npmjs.org/source-map-support/-/source-map-support-0.5.19.tgz",
      "integrity": "sha512-Wonm7zOCIJzBGQdB+thsPar0kYuCIzYvxZwlBa87yi/Mdjv7Tip2cyVbLj5o0cFPN4EVkuTwb3GDDyUx2DGnGw==",
      "requires": {
        "buffer-from": "^1.0.0",
        "source-map": "^0.6.0"
      },
      "dependencies": {
        "source-map": {
          "version": "0.6.1",
          "resolved": "https://registry.npmjs.org/source-map/-/source-map-0.6.1.tgz",
          "integrity": "sha512-UjgapumWlbMhkBgzT7Ykc5YXUT46F0iKu8SGXq0bcwP5dz/h0Plj6enJqjz1Zbq2l5WaqYnrVbwWOWMyF3F47g=="
        }
      }
    },
    "terser": {
      "version": "5.5.0",
      "resolved": "https://registry.npmjs.org/terser/-/terser-5.5.0.tgz",
      "integrity": "sha512-eopt1Gf7/AQyPhpygdKePTzaet31TvQxXvrf7xYUvD/d8qkCJm4SKPDzu+GHK5ZaYTn8rvttfqaZc3swK21e5g==",
      "requires": {
        "commander": "^2.20.0",
        "source-map": "~0.7.2",
        "source-map-support": "~0.5.19"
      }
    },
    "typescript": {
      "version": "4.1.2",
      "resolved": "https://registry.npmjs.org/typescript/-/typescript-4.1.2.tgz",
      "integrity": "sha512-thGloWsGH3SOxv1SoY7QojKi0tc+8FnOmiarEGMbd/lar7QOEd3hvlx3Fp5y6FlDUGl9L+pd4n2e+oToGMmhRQ=="
    }
  }
}
